
Microsoft Visual Studio Solution File, Format Version 12.00
# Visual Studio Version 16
VisualStudioVersion = 16.0.34407.143
MinimumVisualStudioVersion = 10.0.40219.1
Project("{FAE04EC0-301F-11D3-BF4B-00C04F79EFBC}") = "Moveta.Intern", "Moveta.Intern.csproj", "{12E885E9-7E31-4C9D-8C4D-DD195B095B30}"
EndProject
Global
	GlobalSection(SolutionConfigurationPlatforms) = preSolution
		Debug|Any CPU = Debug|Any CPU
		Release|Any CPU = Release|Any CPU
	EndGlobalSection
	GlobalSection(ProjectConfigurationPlatforms) = postSolution
		{12E885E9-7E31-4C9D-8C4D-DD195B095B30}.Debug|Any CPU.ActiveCfg = Debug|Any CPU
		{12E885E9-7E31-4C9D-8C4D-DD195B095B30}.Debug|Any CPU.Build.0 = Debug|Any CPU
		{12E885E9-7E31-4C9D-8C4D-DD195B095B30}.Release|Any CPU.ActiveCfg = Release|Any CPU
		{12E885E9-7E31-4C9D-8C4D-DD195B095B30}.Release|Any CPU.Build.0 = Release|Any CPU
	EndGlobalSection
	GlobalSection(SolutionProperties) = preSolution
		HideSolutionNode = FALSE
	EndGlobalSection
	GlobalSection(ExtensibilityGlobals) = postSolution
		SolutionGuid = {50200C71-A08E-42AB-B4F2-C2186893BA03}
	EndGlobalSection
EndGlobal
