
Microsoft Visual Studio Solution File, Format Version 9.00
# Visual Studio 2005
Project("{FAE04EC0-301F-11D3-BF4B-00C04F79EFBC}") = "fecher.Common", "fecher.Common.csproj", "{24C85909-9E6E-4EE2-9512-EF37D22DC949}"
EndProject
Global
	GlobalSection(SolutionConfigurationPlatforms) = preSolution
		Debug|Any CPU = Debug|Any CPU
		Release|Any CPU = Release|Any CPU
	EndGlobalSection
	GlobalSection(ProjectConfigurationPlatforms) = postSolution
		{24C85909-9E6E-4EE2-9512-EF37D22DC949}.Debug|Any CPU.ActiveCfg = Debug|Any CPU
		{24C85909-9E6E-4EE2-9512-EF37D22DC949}.Debug|Any CPU.Build.0 = Debug|Any CPU
		{24C85909-9E6E-4EE2-9512-EF37D22DC949}.Release|Any CPU.ActiveCfg = Release|Any CPU
		{24C85909-9E6E-4EE2-9512-EF37D22DC949}.Release|Any CPU.Build.0 = Release|Any CPU
	EndGlobalSection
	GlobalSection(SolutionProperties) = preSolution
		HideSolutionNode = FALSE
	EndGlobalSection
EndGlobal
